
Microsoft Visual Studio Solution File, Format Version 12.00
# Visual Studio Version 17
VisualStudioVersion = 17.1.32210.238
MinimumVisualStudioVersion = 10.0.40219.1
Project("{9A19103F-16F7-4668-BE54-9A1E7A4F7556}") = "BooksScrapping", "BooksScrapping\BooksScrapping.csproj", "{A0692A95-CA09-4DAD-96DE-04C8958B13FB}"
EndProject
Project("{9A19103F-16F7-4668-BE54-9A1E7A4F7556}") = "BookStoreModels", "BookStoreModels\BookStoreModels.csproj", "{05E804C3-BFA5-4290-8425-A83068E11431}"
EndProject
Project("{9A19103F-16F7-4668-BE54-9A1E7A4F7556}") = "DataAccess", "DataAccess\DataAccess.csproj", "{51BAC868-34B5-49E5-AEF0-55C92F1A02CE}"
EndProject
Project("{9A19103F-16F7-4668-BE54-9A1E7A4F7556}") = "BookStoreProducer", "BookStoreProducer\BookStoreProducer.csproj", "{CCE4E123-E5DB-49F7-AA70-D7AB3C00E6D8}"
EndProject
Project("{9A19103F-16F7-4668-BE54-9A1E7A4F7556}") = "BookStoreGraphQLApi", "BookStoreGraphQLApi\BookStoreGraphQLApi.csproj", "{916CF36F-E737-4C8B-BAE8-991C4E84CF68}"
EndProject
Project("{9A19103F-16F7-4668-BE54-9A1E7A4F7556}") = "BookStoreConsumer", "BookStoreConsumer\BookStoreConsumer.csproj", "{B82E2C5B-BF1C-4347-ACE9-F23415456AF8}"
EndProject
Project("{9A19103F-16F7-4668-BE54-9A1E7A4F7556}") = "BookStoreClient", "BookStoreClient\BookStoreClient.csproj", "{3A500517-1ABC-4059-9DA1-7801411CC92D}"
EndProject
Project("{FAE04EC0-301F-11D3-BF4B-00C04F79EFBC}") = "BookStoreCore", "BookStoreCore\BookStoreCore.csproj", "{B112C7A2-B420-4663-B5DC-65BD1574354C}"
EndProject
Global
	GlobalSection(SolutionConfigurationPlatforms) = preSolution
		Debug|Any CPU = Debug|Any CPU
		Release|Any CPU = Release|Any CPU
	EndGlobalSection
	GlobalSection(ProjectConfigurationPlatforms) = postSolution
		{A0692A95-CA09-4DAD-96DE-04C8958B13FB}.Debug|Any CPU.ActiveCfg = Debug|Any CPU
		{A0692A95-CA09-4DAD-96DE-04C8958B13FB}.Debug|Any CPU.Build.0 = Debug|Any CPU
		{A0692A95-CA09-4DAD-96DE-04C8958B13FB}.Release|Any CPU.ActiveCfg = Release|Any CPU
		{A0692A95-CA09-4DAD-96DE-04C8958B13FB}.Release|Any CPU.Build.0 = Release|Any CPU
		{05E804C3-BFA5-4290-8425-A83068E11431}.Debug|Any CPU.ActiveCfg = Debug|Any CPU
		{05E804C3-BFA5-4290-8425-A83068E11431}.Debug|Any CPU.Build.0 = Debug|Any CPU
		{05E804C3-BFA5-4290-8425-A83068E11431}.Release|Any CPU.ActiveCfg = Release|Any CPU
		{05E804C3-BFA5-4290-8425-A83068E11431}.Release|Any CPU.Build.0 = Release|Any CPU
		{51BAC868-34B5-49E5-AEF0-55C92F1A02CE}.Debug|Any CPU.ActiveCfg = Debug|Any CPU
		{51BAC868-34B5-49E5-AEF0-55C92F1A02CE}.Debug|Any CPU.Build.0 = Debug|Any CPU
		{51BAC868-34B5-49E5-AEF0-55C92F1A02CE}.Release|Any CPU.ActiveCfg = Release|Any CPU
		{51BAC868-34B5-49E5-AEF0-55C92F1A02CE}.Release|Any CPU.Build.0 = Release|Any CPU
		{CCE4E123-E5DB-49F7-AA70-D7AB3C00E6D8}.Debug|Any CPU.ActiveCfg = Debug|Any CPU
		{CCE4E123-E5DB-49F7-AA70-D7AB3C00E6D8}.Debug|Any CPU.Build.0 = Debug|Any CPU
		{CCE4E123-E5DB-49F7-AA70-D7AB3C00E6D8}.Release|Any CPU.ActiveCfg = Release|Any CPU
		{CCE4E123-E5DB-49F7-AA70-D7AB3C00E6D8}.Release|Any CPU.Build.0 = Release|Any CPU
		{916CF36F-E737-4C8B-BAE8-991C4E84CF68}.Debug|Any CPU.ActiveCfg = Debug|Any CPU
		{916CF36F-E737-4C8B-BAE8-991C4E84CF68}.Debug|Any CPU.Build.0 = Debug|Any CPU
		{916CF36F-E737-4C8B-BAE8-991C4E84CF68}.Release|Any CPU.ActiveCfg = Release|Any CPU
		{916CF36F-E737-4C8B-BAE8-991C4E84CF68}.Release|Any CPU.Build.0 = Release|Any CPU
		{B82E2C5B-BF1C-4347-ACE9-F23415456AF8}.Debug|Any CPU.ActiveCfg = Debug|Any CPU
		{B82E2C5B-BF1C-4347-ACE9-F23415456AF8}.Debug|Any CPU.Build.0 = Debug|Any CPU
		{B82E2C5B-BF1C-4347-ACE9-F23415456AF8}.Release|Any CPU.ActiveCfg = Release|Any CPU
		{B82E2C5B-BF1C-4347-ACE9-F23415456AF8}.Release|Any CPU.Build.0 = Release|Any CPU
		{3A500517-1ABC-4059-9DA1-7801411CC92D}.Debug|Any CPU.ActiveCfg = Debug|Any CPU
		{3A500517-1ABC-4059-9DA1-7801411CC92D}.Debug|Any CPU.Build.0 = Debug|Any CPU
		{3A500517-1ABC-4059-9DA1-7801411CC92D}.Release|Any CPU.ActiveCfg = Release|Any CPU
		{3A500517-1ABC-4059-9DA1-7801411CC92D}.Release|Any CPU.Build.0 = Release|Any CPU
		{B112C7A2-B420-4663-B5DC-65BD1574354C}.Debug|Any CPU.ActiveCfg = Debug|Any CPU
		{B112C7A2-B420-4663-B5DC-65BD1574354C}.Debug|Any CPU.Build.0 = Debug|Any CPU
		{B112C7A2-B420-4663-B5DC-65BD1574354C}.Release|Any CPU.ActiveCfg = Release|Any CPU
		{B112C7A2-B420-4663-B5DC-65BD1574354C}.Release|Any CPU.Build.0 = Release|Any CPU
	EndGlobalSection
	GlobalSection(SolutionProperties) = preSolution
		HideSolutionNode = FALSE
	EndGlobalSection
	GlobalSection(ExtensibilityGlobals) = postSolution
		SolutionGuid = {940020EF-073D-4258-881E-5E1DD26AA06E}
	EndGlobalSection
EndGlobal
